// !$*UTF8*$!
{
	archiveVersion = 1;
	classes = {
	};
	objectVersion = 46;
	objects = {

/* Begin PBXBuildFile section */
		409998981D4D3FAE00EECEEC /* AppDelegate.swift in Sources */ = {isa = PBXBuildFile; fileRef = 409998971D4D3FAE00EECEEC /* AppDelegate.swift */; };
		4099989D1D4D3FAE00EECEEC /* Main.storyboard in Resources */ = {isa = PBXBuildFile; fileRef = 4099989B1D4D3FAE00EECEEC /* Main.storyboard */; };
		4099989F1D4D3FAE00EECEEC /* Assets.xcassets in Resources */ = {isa = PBXBuildFile; fileRef = 4099989E1D4D3FAE00EECEEC /* Assets.xcassets */; };
		409998A21D4D3FAE00EECEEC /* LaunchScreen.storyboard in Resources */ = {isa = PBXBuildFile; fileRef = 409998A01D4D3FAE00EECEEC /* LaunchScreen.storyboard */; };
/* End PBXBuildFile section */

/* Begin PBXFileReference section */
		409998941D4D3FAE00EECEEC /* BookitList.app */ = {isa = PBXFileReference; explicitFileType = wrapper.application; includeInIndex = 0; path = BookitList.app; sourceTree = BUILT_PRODUCTS_DIR; };
		409998971D4D3FAE00EECEEC /* AppDelegate.swift */ = {isa = PBXFileReference; lastKnownFileType = sourcecode.swift; path = AppDelegate.swift; sourceTree = "<group>"; };
		4099989C1D4D3FAE00EECEEC /* Base */ = {isa = PBXFileReference; lastKnownFileType = file.storyboard; name = Base; path = Base.lproj/Main.storyboard; sourceTree = "<group>"; };
		4099989E1D4D3FAE00EECEEC /* Assets.xcassets */ = {isa = PBXFileReference; lastKnownFileType = folder.assetcatalog; path = Assets.xcassets; sourceTree = "<group>"; };
		409998A11D4D3FAE00EECEEC /* Base */ = {isa = PBXFileReference; lastKnownFileType = file.storyboard; name = Base; path = Base.lproj/LaunchScreen.storyboard; sourceTree = "<group>"; };
		409998A31D4D3FAE00EECEEC /* Info.plist */ = {isa = PBXFileReference; lastKnownFileType = text.plist.xml; path = Info.plist; sourceTree = "<group>"; };
/* End PBXFileReference section */

/* Begin PBXFrameworksBuildPhase section */
		409998911D4D3FAE00EECEEC /* Frameworks */ = {
			isa = PBXFrameworksBuildPhase;
			buildActionMask = 2147483647;
			files = (
			);
			runOnlyForDeploymentPostprocessing = 0;
		};
/* End PBXFrameworksBuildPhase section */

/* Begin PBXGroup section */
		4099988B1D4D3FAD00EECEEC = {
			isa = PBXGroup;
			children = (
				409998961D4D3FAE00EECEEC /* BookitList */,
				409998951D4D3FAE00EECEEC /* Products */,
			);
			sourceTree = "<group>";
		};
		409998951D4D3FAE00EECEEC /* Products */ = {
			isa = PBXGroup;
			children = (
				409998941D4D3FAE00EECEEC /* BookitList.app */,
			);
			name = Products;
			sourceTree = "<group>";
		};
		409998961D4D3FAE00EECEEC /* BookitList */ = {
			isa = PBXGroup;
			children = (
				409998971D4D3FAE00EECEEC /* AppDelegate.swift */,
				4099989B1D4D3FAE00EECEEC /* Main.storyboard */,
				4099989E1D4D3FAE00EECEEC /* Assets.xcassets */,
				409998A01D4D3FAE00EECEEC /* LaunchScreen.storyboard */,
				409998A31D4D3FAE00EECEEC /* Info.plist */,
			);
			path = BookitList;
			sourceTree = "<group>";
		};
/* End PBXGroup section */

/* Begin PBXNativeTarget section */
		409998931D4D3FAE00EECEEC /* BookitList */ = {
			isa = PBXNativeTarget;
			buildConfigurationList = 409998A61D4D3FAE00EECEEC /* Build configuration list for PBXNativeTarget "BookitList" */;
			buildPhases = (
				409998901D4D3FAE00EECEEC /* Sources */,
				409998911D4D3FAE00EECEEC /* Frameworks */,
				409998921D4D3FAE00EECEEC /* Resources */,
			);
			buildRules = (
			);
			dependencies = (
			);
			name = BookitList;
			productName = BookitList;
			productReference = 409998941D4D3FAE00EECEEC /* BookitList.app */;
			productType = "com.apple.product-type.application";
		};
/* End PBXNativeTarget section */

/* Begin PBXProject section */
		4099988C1D4D3FAD00EECEEC /* Project object */ = {
			isa = PBXProject;
			attributes = {
				LastSwiftUpdateCheck = 0730;
				LastUpgradeCheck = 0730;
				ORGANIZATIONNAME = "Emily Mearns";
				TargetAttributes = {
					409998931D4D3FAE00EECEEC = {
						CreatedOnToolsVersion = 7.3;
					};
				};
			};
			buildConfigurationList = 4099988F1D4D3FAD00EECEEC /* Build configuration list for PBXProject "BookitList" */;
			compatibilityVersion = "Xcode 3.2";
			developmentRegion = English;
			hasScannedForEncodings = 0;
			knownRegions = (
				en,
				Base,
			);
			mainGroup = 4099988B1D4D3FAD00EECEEC;
			productRefGroup = 409998951D4D3FAE00EECEEC /* Products */;
			projectDirPath = "";
			projectRoot = "";
			targets = (
				409998931D4D3FAE00EECEEC /* BookitList */,
			);
		};
/* End PBXProject section */

/* Begin PBXResourcesBuildPhase section */
		409998921D4D3FAE00EECEEC /* Resources */ = {
			isa = PBXResourcesBuildPhase;
			buildActionMask = 2147483647;
			files = (
				409998A21D4D3FAE00EECEEC /* LaunchScreen.storyboard in Resources */,
				4099989F1D4D3FAE00EECEEC /* Assets.xcassets in Resources */,
				4099989D1D4D3FAE00EECEEC /* Main.storyboard in Resources */,
			);
			runOnlyForDeploymentPostprocessing = 0;
		};
/* End PBXResourcesBuildPhase section */

/* Begin PBXSourcesBuildPhase section */
		409998901D4D3FAE00EECEEC /* Sources */ = {
			isa = PBXSourcesBuildPhase;
			buildActionMask = 2147483647;
			files = (
				409998981D4D3FAE00EECEEC /* AppDelegate.swift in Sources */,
			);
			runOnlyForDeploymentPostprocessing = 0;
		};
/* End PBXSourcesBuildPhase section */

/* Begin PBXVariantGroup section */
		4099989B1D4D3FAE00EECEEC /* Main.storyboard */ = {
			isa = PBXVariantGroup;
			children = (
				4099989C1D4D3FAE00EECEEC /* Base */,
			);
			name = Main.storyboard;
			sourceTree = "<group>";
		};
		409998A01D4D3FAE00EECEEC /* LaunchScreen.storyboard */ = {
			isa = PBXVariantGroup;
			children = (
				409998A11D4D3FAE00EECEEC /* Base */,
			);
			name = LaunchScreen.storyboard;
			sourceTree = "<group>";
		};
/* End PBXVariantGroup section */

/* Begin XCBuildConfiguration section */
		409998A41D4D3FAE00EECEEC /* Debug */ = {
			isa = XCBuildConfiguration;
			buildSettings = {
				ALWAYS_SEARCH_USER_PATHS = NO;
				CLANG_ANALYZER_NONNULL = YES;
				CLANG_CXX_LANGUAGE_STANDARD = "gnu++0x";
				CLANG_CXX_LIBRARY = "libc++";
				CLANG_ENABLE_MODULES = YES;
				CLANG_ENABLE_OBJC_ARC = YES;
				CLANG_WARN_BOOL_CONVERSION = YES;
				CLANG_WARN_CONSTANT_CONVERSION = YES;
				CLANG_WARN_DIRECT_OBJC_ISA_USAGE = YES_ERROR;
				CLANG_WARN_EMPTY_BODY = YES;
				CLANG_WARN_ENUM_CONVERSION = YES;
				CLANG_WARN_INT_CONVERSION = YES;
				CLANG_WARN_OBJC_ROOT_CLASS = YES_ERROR;
				CLANG_WARN_UNREACHABLE_CODE = YES;
				CLANG_WARN__DUPLICATE_METHOD_MATCH = YES;
				"CODE_SIGN_IDENTITY[sdk=iphoneos*]" = "iPhone Developer";
				COPY_PHASE_STRIP = NO;
				DEBUG_INFORMATION_FORMAT = dwarf;
				ENABLE_STRICT_OBJC_MSGSEND = YES;
				ENABLE_TESTABILITY = YES;
				GCC_C_LANGUAGE_STANDARD = gnu99;
				GCC_DYNAMIC_NO_PIC = NO;
				GCC_NO_COMMON_BLOCKS = YES;
				GCC_OPTIMIZATION_LEVEL = 0;
				GCC_PREPROCESSOR_DEFINITIONS = (
					"DEBUG=1",
					"$(inherited)",
				);
				GCC_WARN_64_TO_32_BIT_CONVERSION = YES;
				GCC_WARN_ABOUT_RETURN_TYPE = YES_ERROR;
				GCC_WARN_UNDECLARED_SELECTOR = YES;
				GCC_WARN_UNINITIALIZED_AUTOS = YES_AGGRESSIVE;
				GCC_WARN_UNUSED_FUNCTION = YES;
				GCC_WARN_UNUSED_VARIABLE = YES;
				IPHONEOS_DEPLOYMENT_TARGET = 9.3;
				MTL_ENABLE_DEBUG_INFO = YES;
				ONLY_ACTIVE_ARCH = YES;
				SDKROOT = iphoneos;
				SWIFT_OPTIMIZATION_LEVEL = "-Onone";
				TARGETED_DEVICE_FAMILY = "1,2";
			};
			name = Debug;
		};
		409998A51D4D3FAE00EECEEC /* Release */ = {
			isa = XCBuildConfiguration;
			buildSettings = {
				ALWAYS_SEARCH_USER_PATHS = NO;
				CLANG_ANALYZER_NONNULL = YES;
				CLANG_CXX_LANGUAGE_STANDARD = "gnu++0x";
				CLANG_CXX_LIBRARY = "libc++";
				CLANG_ENABLE_MODULES = YES;
				CLANG_ENABLE_OBJC_ARC = YES;
				CLANG_WARN_BOOL_CONVERSION = YES;
				CLANG_WARN_CONSTANT_CONVERSION = YES;
				CLANG_WARN_DIRECT_OBJC_ISA_USAGE = YES_ERROR;
				CLANG_WARN_EMPTY_BODY = YES;
				CLANG_WARN_ENUM_CONVERSION = YES;
				CLANG_WARN_INT_CONVERSION = YES;
				CLANG_WARN_OBJC_ROOT_CLASS = YES_ERROR;
				CLANG_WARN_UNREACHABLE_CODE = YES;
				CLANG_WARN__DUPLICATE_METHOD_MATCH = YES;
				"CODE_SIGN_IDENTITY[sdk=iphoneos*]" = "iPhone Developer";
				COPY_PHASE_STRIP = NO;
				DEBUG_INFORMATION_FORMAT = "dwarf-with-dsym";
				ENABLE_NS_ASSERTIONS = NO;
				ENABLE_STRICT_OBJC_MSGSEND = YES;
				GCC_C_LANGUAGE_STANDARD = gnu99;
				GCC_NO_COMMON_BLOCKS = YES;
				GCC_WARN_64_TO_32_BIT_CONVERSION = YES;
				GCC_WARN_ABOUT_RETURN_TYPE = YES_ERROR;
				GCC_WARN_UNDECLARED_SELECTOR = YES;
				GCC_WARN_UNINITIALIZED_AUTOS = YES_AGGRESSIVE;
				GCC_WARN_UNUSED_FUNCTION = YES;
				GCC_WARN_UNUSED_VARIABLE = YES;
				IPHONEOS_DEPLOYMENT_TARGET = 9.3;
				MTL_ENABLE_DEBUG_INFO = NO;
				SDKROOT = iphoneos;
				TARGETED_DEVICE_FAMILY = "1,2";
				VALIDATE_PRODUCT = YES;
			};
			name = Release;
		};
		409998A71D4D3FAE00EECEEC /* Debug */ = {
			isa = XCBuildConfiguration;
			buildSettings = {
				ASSETCATALOG_COMPILER_APPICON_NAME = AppIcon;
				INFOPLIST_FILE = BookitList/Info.plist;
				LD_RUNPATH_SEARCH_PATHS = "$(inherited) @executable_path/Frameworks";
				PRODUCT_BUNDLE_IDENTIFIER = com.em.BookitList;
				PRODUCT_NAME = "$(TARGET_NAME)";
			};
			name = Debug;
		};
		409998A81D4D3FAE00EECEEC /* Release */ = {
			isa = XCBuildConfiguration;
			buildSettings = {
				ASSETCATALOG_COMPILER_APPICON_NAME = AppIcon;
				INFOPLIST_FILE = BookitList/Info.plist;
				LD_RUNPATH_SEARCH_PATHS = "$(inherited) @executable_path/Frameworks";
				PRODUCT_BUNDLE_IDENTIFIER = com.em.BookitList;
				PRODUCT_NAME = "$(TARGET_NAME)";
			};
			name = Release;
		};
/* End XCBuildConfiguration section */

/* Begin XCConfigurationList section */
		4099988F1D4D3FAD00EECEEC /* Build configuration list for PBXProject "BookitList" */ = {
			isa = XCConfigurationList;
			buildConfigurations = (
				409998A41D4D3FAE00EECEEC /* Debug */,
				409998A51D4D3FAE00EECEEC /* Release */,
			);
			defaultConfigurationIsVisible = 0;
			defaultConfigurationName = Release;
		};
		409998A61D4D3FAE00EECEEC /* Build configuration list for PBXNativeTarget "BookitList" */ = {
			isa = XCConfigurationList;
			buildConfigurations = (
				409998A71D4D3FAE00EECEEC /* Debug */,
				409998A81D4D3FAE00EECEEC /* Release */,
			);
			defaultConfigurationIsVisible = 0;
		};
/* End XCConfigurationList section */
	};
	rootObject = 4099988C1D4D3FAD00EECEEC /* Project object */;
}
